
Microsoft Visual Studio Solution File, Format Version 12.00
# Visual Studio Version 17
VisualStudioVersion = 17.1.32210.238
MinimumVisualStudioVersion = 10.0.40219.1
Project("{FAE04EC0-301F-11D3-BF4B-00C04F79EFBC}") = "NSM.Api", "NSM.Api.csproj", "{362B68BB-58C9-4CEA-B500-D9B93DD2D99F}"
EndProject
Global
	GlobalSection(SolutionConfigurationPlatforms) = preSolution
		Debug|Any CPU = Debug|Any CPU
		Release|Any CPU = Release|Any CPU
	EndGlobalSection
	GlobalSection(ProjectConfigurationPlatforms) = postSolution
		{362B68BB-58C9-4CEA-B500-D9B93DD2D99F}.Debug|Any CPU.ActiveCfg = Debug|Any CPU
		{362B68BB-58C9-4CEA-B500-D9B93DD2D99F}.Debug|Any CPU.Build.0 = Debug|Any CPU
		{362B68BB-58C9-4CEA-B500-D9B93DD2D99F}.Release|Any CPU.ActiveCfg = Release|Any CPU
		{362B68BB-58C9-4CEA-B500-D9B93DD2D99F}.Release|Any CPU.Build.0 = Release|Any CPU
	EndGlobalSection
	GlobalSection(SolutionProperties) = preSolution
		HideSolutionNode = FALSE
	EndGlobalSection
	GlobalSection(ExtensibilityGlobals) = postSolution
		SolutionGuid = {D67AB4C0-7943-4492-A23D-650AC63057C0}
	EndGlobalSection
EndGlobal
